
Microsoft Visual Studio Solution File, Format Version 12.00
# Visual Studio Version 17
VisualStudioVersion = 17.13.35806.99
MinimumVisualStudioVersion = 10.0.40219.1
Project("{FAE04EC0-301F-11D3-BF4B-00C04F79EFBC}") = "cmr-pecas-acessorios-api", "cmr-pecas-acessorios-api\cmr-pecas-acessorios-api.csproj", "{1D22EFD9-D509-4147-A6EB-7BF1751EEE82}"
EndProject
Project("{2150E333-8FDC-42A3-9474-1A3956D46DE8}") = "1 - Application", "1 - Application", "{02EA681E-C7D8-13C7-8484-4AC65E1B71E8}"
EndProject
Project("{2150E333-8FDC-42A3-9474-1A3956D46DE8}") = "2 - Domain", "2 - Domain", "{E12F30AD-0C60-4B39-9B09-B560BB08F1B3}"
EndProject
Project("{2150E333-8FDC-42A3-9474-1A3956D46DE8}") = "3 - Service", "3 - Service", "{369CB01D-A1A7-72D2-AABC-3F0945D148A2}"
EndProject
Project("{2150E333-8FDC-42A3-9474-1A3956D46DE8}") = "4 - Infra", "4 - Infra", "{7DC331D0-3EC4-40A6-69FB-1CBEB2E0D1EA}"
EndProject
Global
	GlobalSection(SolutionConfigurationPlatforms) = preSolution
		Debug|Any CPU = Debug|Any CPU
		Release|Any CPU = Release|Any CPU
	EndGlobalSection
	GlobalSection(ProjectConfigurationPlatforms) = postSolution
		{1D22EFD9-D509-4147-A6EB-7BF1751EEE82}.Debug|Any CPU.ActiveCfg = Debug|Any CPU
		{1D22EFD9-D509-4147-A6EB-7BF1751EEE82}.Debug|Any CPU.Build.0 = Debug|Any CPU
		{1D22EFD9-D509-4147-A6EB-7BF1751EEE82}.Release|Any CPU.ActiveCfg = Release|Any CPU
		{1D22EFD9-D509-4147-A6EB-7BF1751EEE82}.Release|Any CPU.Build.0 = Release|Any CPU
	EndGlobalSection
	GlobalSection(SolutionProperties) = preSolution
		HideSolutionNode = FALSE
	EndGlobalSection
	GlobalSection(NestedProjects) = preSolution
		{1D22EFD9-D509-4147-A6EB-7BF1751EEE82} = {02EA681E-C7D8-13C7-8484-4AC65E1B71E8}
	EndGlobalSection
	GlobalSection(ExtensibilityGlobals) = postSolution
		SolutionGuid = {4231B762-8BB7-4F6A-A474-595382D12C0D}
	EndGlobalSection
EndGlobal
